// !$*UTF8*$!
{
	archiveVersion = 1;
	classes = {
	};
	objectVersion = 56;
	objects = {

/* Begin PBXBuildFile section */
		7500252E2922EB240086B760 /* AuthenticationFD.swift in Sources */ = {isa = PBXBuildFile; fileRef = 7500252D2922EB240086B760 /* AuthenticationFD.swift */; };
		750025302922EC910086B760 /* AuthRepository.swift in Sources */ = {isa = PBXBuildFile; fileRef = 7500252F2922EC910086B760 /* AuthRepository.swift */; };
		750025322922ED800086B760 /* AuthViewModel.swift in Sources */ = {isa = PBXBuildFile; fileRef = 750025312922ED800086B760 /* AuthViewModel.swift */; };
		75176CC82921C08A00DCEA00 /* AuthenticationLoginView.swift in Sources */ = {isa = PBXBuildFile; fileRef = 75176CC72921C08A00DCEA00 /* AuthenticationLoginView.swift */; };
		75176CCA2921C42C00DCEA00 /* LoginEmailView.swift in Sources */ = {isa = PBXBuildFile; fileRef = 75176CC92921C42C00DCEA00 /* LoginEmailView.swift */; };
		753AAEDC2922B554003689D2 /* RegisterEmailView.swift in Sources */ = {isa = PBXBuildFile; fileRef = 753AAEDB2922B554003689D2 /* RegisterEmailView.swift */; };
		753AAEDE2922B5FC003689D2 /* DismissView.swift in Sources */ = {isa = PBXBuildFile; fileRef = 753AAEDD2922B5FC003689D2 /* DismissView.swift */; };
		75613EB6292094BA00BE6D2F /* DembosApp.swift in Sources */ = {isa = PBXBuildFile; fileRef = 75613EB5292094BA00BE6D2F /* DembosApp.swift */; };
		75613EB8292094BA00BE6D2F /* OnboardingView.swift in Sources */ = {isa = PBXBuildFile; fileRef = 75613EB7292094BA00BE6D2F /* OnboardingView.swift */; };
		75613EBA292094BB00BE6D2F /* Assets.xcassets in Resources */ = {isa = PBXBuildFile; fileRef = 75613EB9292094BB00BE6D2F /* Assets.xcassets */; };
		75613EBD292094BB00BE6D2F /* Preview Assets.xcassets in Resources */ = {isa = PBXBuildFile; fileRef = 75613EBC292094BB00BE6D2F /* Preview Assets.xcassets */; };
		75C1D10F2925AF2C00F6C7DA /* HomeView.swift in Sources */ = {isa = PBXBuildFile; fileRef = 75C1D10E2925AF2B00F6C7DA /* HomeView.swift */; };
		75D18A0529209707006939E9 /* GoogleService-Info.plist in Resources */ = {isa = PBXBuildFile; fileRef = 75D18A0429209707006939E9 /* GoogleService-Info.plist */; };
		75D18A082920992D006939E9 /* FirebaseAnalytics in Frameworks */ = {isa = PBXBuildFile; productRef = 75D18A072920992D006939E9 /* FirebaseAnalytics */; };
		75D18A0A2920992D006939E9 /* FirebaseAnalyticsSwift in Frameworks */ = {isa = PBXBuildFile; productRef = 75D18A092920992D006939E9 /* FirebaseAnalyticsSwift */; };
		75D18A0C2920992D006939E9 /* FirebaseAuth in Frameworks */ = {isa = PBXBuildFile; productRef = 75D18A0B2920992D006939E9 /* FirebaseAuth */; };
		75D18A0E2920992D006939E9 /* FirebaseDatabase in Frameworks */ = {isa = PBXBuildFile; productRef = 75D18A0D2920992D006939E9 /* FirebaseDatabase */; };
		75D18A102920992D006939E9 /* FirebaseDatabaseSwift in Frameworks */ = {isa = PBXBuildFile; productRef = 75D18A0F2920992D006939E9 /* FirebaseDatabaseSwift */; };
		75D18A122920992D006939E9 /* FirebaseFirestore in Frameworks */ = {isa = PBXBuildFile; productRef = 75D18A112920992D006939E9 /* FirebaseFirestore */; };
		75D18A142920992D006939E9 /* FirebaseFirestoreSwift in Frameworks */ = {isa = PBXBuildFile; productRef = 75D18A132920992D006939E9 /* FirebaseFirestoreSwift */; };
		75D18A162920992D006939E9 /* FirebaseStorage in Frameworks */ = {isa = PBXBuildFile; productRef = 75D18A152920992D006939E9 /* FirebaseStorage */; };
/* End PBXBuildFile section */

/* Begin PBXFileReference section */
		7500252D2922EB240086B760 /* AuthenticationFD.swift */ = {isa = PBXFileReference; lastKnownFileType = sourcecode.swift; path = AuthenticationFD.swift; sourceTree = "<group>"; };
		7500252F2922EC910086B760 /* AuthRepository.swift */ = {isa = PBXFileReference; lastKnownFileType = sourcecode.swift; path = AuthRepository.swift; sourceTree = "<group>"; };
		750025312922ED800086B760 /* AuthViewModel.swift */ = {isa = PBXFileReference; lastKnownFileType = sourcecode.swift; path = AuthViewModel.swift; sourceTree = "<group>"; };
		75176CC72921C08A00DCEA00 /* AuthenticationLoginView.swift */ = {isa = PBXFileReference; lastKnownFileType = sourcecode.swift; path = AuthenticationLoginView.swift; sourceTree = "<group>"; };
		75176CC92921C42C00DCEA00 /* LoginEmailView.swift */ = {isa = PBXFileReference; lastKnownFileType = sourcecode.swift; path = LoginEmailView.swift; sourceTree = "<group>"; };
		753AAEDB2922B554003689D2 /* RegisterEmailView.swift */ = {isa = PBXFileReference; lastKnownFileType = sourcecode.swift; path = RegisterEmailView.swift; sourceTree = "<group>"; };
		753AAEDD2922B5FC003689D2 /* DismissView.swift */ = {isa = PBXFileReference; lastKnownFileType = sourcecode.swift; path = DismissView.swift; sourceTree = "<group>"; };
		75613EB2292094BA00BE6D2F /* Dembos.app */ = {isa = PBXFileReference; explicitFileType = wrapper.application; includeInIndex = 0; path = Dembos.app; sourceTree = BUILT_PRODUCTS_DIR; };
		75613EB5292094BA00BE6D2F /* DembosApp.swift */ = {isa = PBXFileReference; lastKnownFileType = sourcecode.swift; path = DembosApp.swift; sourceTree = "<group>"; };
		75613EB7292094BA00BE6D2F /* OnboardingView.swift */ = {isa = PBXFileReference; lastKnownFileType = sourcecode.swift; path = OnboardingView.swift; sourceTree = "<group>"; };
		75613EB9292094BB00BE6D2F /* Assets.xcassets */ = {isa = PBXFileReference; lastKnownFileType = folder.assetcatalog; path = Assets.xcassets; sourceTree = "<group>"; };
		75613EBC292094BB00BE6D2F /* Preview Assets.xcassets */ = {isa = PBXFileReference; lastKnownFileType = folder.assetcatalog; path = "Preview Assets.xcassets"; sourceTree = "<group>"; };
		75C1D10E2925AF2B00F6C7DA /* HomeView.swift */ = {isa = PBXFileReference; lastKnownFileType = sourcecode.swift; path = HomeView.swift; sourceTree = "<group>"; };
		75D18A0429209707006939E9 /* GoogleService-Info.plist */ = {isa = PBXFileReference; fileEncoding = 4; lastKnownFileType = text.plist.xml; path = "GoogleService-Info.plist"; sourceTree = "<group>"; };
/* End PBXFileReference section */

/* Begin PBXFrameworksBuildPhase section */
		75613EAF292094BA00BE6D2F /* Frameworks */ = {
			isa = PBXFrameworksBuildPhase;
			buildActionMask = 2147483647;
			files = (
				75D18A102920992D006939E9 /* FirebaseDatabaseSwift in Frameworks */,
				75D18A0A2920992D006939E9 /* FirebaseAnalyticsSwift in Frameworks */,
				75D18A0C2920992D006939E9 /* FirebaseAuth in Frameworks */,
				75D18A142920992D006939E9 /* FirebaseFirestoreSwift in Frameworks */,
				75D18A0E2920992D006939E9 /* FirebaseDatabase in Frameworks */,
				75D18A162920992D006939E9 /* FirebaseStorage in Frameworks */,
				75D18A082920992D006939E9 /* FirebaseAnalytics in Frameworks */,
				75D18A122920992D006939E9 /* FirebaseFirestore in Frameworks */,
			);
			runOnlyForDeploymentPostprocessing = 0;
		};
/* End PBXFrameworksBuildPhase section */

/* Begin PBXGroup section */
		75176CC62921C07200DCEA00 /* Views */ = {
			isa = PBXGroup;
			children = (
				75C1D10E2925AF2B00F6C7DA /* HomeView.swift */,
				75176CC72921C08A00DCEA00 /* AuthenticationLoginView.swift */,
				75176CC92921C42C00DCEA00 /* LoginEmailView.swift */,
				753AAEDB2922B554003689D2 /* RegisterEmailView.swift */,
				753AAEDD2922B5FC003689D2 /* DismissView.swift */,
			);
			path = Views;
			sourceTree = "<group>";
		};
		75613EA9292094BA00BE6D2F = {
			isa = PBXGroup;
			children = (
				75613EB4292094BA00BE6D2F /* Dembos */,
				75613EB3292094BA00BE6D2F /* Products */,
			);
			sourceTree = "<group>";
		};
		75613EB3292094BA00BE6D2F /* Products */ = {
			isa = PBXGroup;
			children = (
				75613EB2292094BA00BE6D2F /* Dembos.app */,
			);
			name = Products;
			sourceTree = "<group>";
		};
		75613EB4292094BA00BE6D2F /* Dembos */ = {
			isa = PBXGroup;
			children = (
				75176CC62921C07200DCEA00 /* Views */,
				75D18A0429209707006939E9 /* GoogleService-Info.plist */,
				75613EB5292094BA00BE6D2F /* DembosApp.swift */,
				75613EB7292094BA00BE6D2F /* OnboardingView.swift */,
				75613EB9292094BB00BE6D2F /* Assets.xcassets */,
				75613EBB292094BB00BE6D2F /* Preview Content */,
				75C1D10D2925A66E00F6C7DA /* Authentication */,
			);
			path = Dembos;
			sourceTree = "<group>";
		};
		75613EBB292094BB00BE6D2F /* Preview Content */ = {
			isa = PBXGroup;
			children = (
				75613EBC292094BB00BE6D2F /* Preview Assets.xcassets */,
			);
			path = "Preview Content";
			sourceTree = "<group>";
		};
		75C1D10D2925A66E00F6C7DA /* Authentication */ = {
			isa = PBXGroup;
			children = (
				7500252D2922EB240086B760 /* AuthenticationFD.swift */,
				7500252F2922EC910086B760 /* AuthRepository.swift */,
				750025312922ED800086B760 /* AuthViewModel.swift */,
			);
			path = Authentication;
			sourceTree = "<group>";
		};
/* End PBXGroup section */

/* Begin PBXNativeTarget section */
		75613EB1292094BA00BE6D2F /* Dembos */ = {
			isa = PBXNativeTarget;
			buildConfigurationList = 75613EC0292094BB00BE6D2F /* Build configuration list for PBXNativeTarget "Dembos" */;
			buildPhases = (
				75613EAE292094BA00BE6D2F /* Sources */,
				75613EAF292094BA00BE6D2F /* Frameworks */,
				75613EB0292094BA00BE6D2F /* Resources */,
			);
			buildRules = (
			);
			dependencies = (
			);
			name = Dembos;
			packageProductDependencies = (
				75D18A072920992D006939E9 /* FirebaseAnalytics */,
				75D18A092920992D006939E9 /* FirebaseAnalyticsSwift */,
				75D18A0B2920992D006939E9 /* FirebaseAuth */,
				75D18A0D2920992D006939E9 /* FirebaseDatabase */,
				75D18A0F2920992D006939E9 /* FirebaseDatabaseSwift */,
				75D18A112920992D006939E9 /* FirebaseFirestore */,
				75D18A132920992D006939E9 /* FirebaseFirestoreSwift */,
				75D18A152920992D006939E9 /* FirebaseStorage */,
			);
			productName = Dembos;
			productReference = 75613EB2292094BA00BE6D2F /* Dembos.app */;
			productType = "com.apple.product-type.application";
		};
/* End PBXNativeTarget section */

/* Begin PBXProject section */
		75613EAA292094BA00BE6D2F /* Project object */ = {
			isa = PBXProject;
			attributes = {
				BuildIndependentTargetsInParallel = 1;
				LastSwiftUpdateCheck = 1410;
				LastUpgradeCheck = 1410;
				TargetAttributes = {
					75613EB1292094BA00BE6D2F = {
						CreatedOnToolsVersion = 14.1;
					};
				};
			};
			buildConfigurationList = 75613EAD292094BA00BE6D2F /* Build configuration list for PBXProject "Dembos" */;
			compatibilityVersion = "Xcode 14.0";
			developmentRegion = en;
			hasScannedForEncodings = 0;
			knownRegions = (
				en,
				Base,
			);
			mainGroup = 75613EA9292094BA00BE6D2F;
			packageReferences = (
				75D18A062920992D006939E9 /* XCRemoteSwiftPackageReference "firebase-ios-sdk" */,
			);
			productRefGroup = 75613EB3292094BA00BE6D2F /* Products */;
			projectDirPath = "";
			projectRoot = "";
			targets = (
				75613EB1292094BA00BE6D2F /* Dembos */,
			);
		};
/* End PBXProject section */

/* Begin PBXResourcesBuildPhase section */
		75613EB0292094BA00BE6D2F /* Resources */ = {
			isa = PBXResourcesBuildPhase;
			buildActionMask = 2147483647;
			files = (
				75613EBD292094BB00BE6D2F /* Preview Assets.xcassets in Resources */,
				75613EBA292094BB00BE6D2F /* Assets.xcassets in Resources */,
				75D18A0529209707006939E9 /* GoogleService-Info.plist in Resources */,
			);
			runOnlyForDeploymentPostprocessing = 0;
		};
/* End PBXResourcesBuildPhase section */

/* Begin PBXSourcesBuildPhase section */
		75613EAE292094BA00BE6D2F /* Sources */ = {
			isa = PBXSourcesBuildPhase;
			buildActionMask = 2147483647;
			files = (
				753AAEDC2922B554003689D2 /* RegisterEmailView.swift in Sources */,
				750025302922EC910086B760 /* AuthRepository.swift in Sources */,
				75176CC82921C08A00DCEA00 /* AuthenticationLoginView.swift in Sources */,
				75C1D10F2925AF2C00F6C7DA /* HomeView.swift in Sources */,
				7500252E2922EB240086B760 /* AuthenticationFD.swift in Sources */,
				75613EB8292094BA00BE6D2F /* OnboardingView.swift in Sources */,
				75613EB6292094BA00BE6D2F /* DembosApp.swift in Sources */,
				75176CCA2921C42C00DCEA00 /* LoginEmailView.swift in Sources */,
				753AAEDE2922B5FC003689D2 /* DismissView.swift in Sources */,
				750025322922ED800086B760 /* AuthViewModel.swift in Sources */,
			);
			runOnlyForDeploymentPostprocessing = 0;
		};
/* End PBXSourcesBuildPhase section */

/* Begin XCBuildConfiguration section */
		75613EBE292094BB00BE6D2F /* Debug */ = {
			isa = XCBuildConfiguration;
			buildSettings = {
				ALWAYS_SEARCH_USER_PATHS = NO;
				CLANG_ANALYZER_NONNULL = YES;
				CLANG_ANALYZER_NUMBER_OBJECT_CONVERSION = YES_AGGRESSIVE;
				CLANG_CXX_LANGUAGE_STANDARD = "gnu++20";
				CLANG_ENABLE_MODULES = YES;
				CLANG_ENABLE_OBJC_ARC = YES;
				CLANG_ENABLE_OBJC_WEAK = YES;
				CLANG_WARN_BLOCK_CAPTURE_AUTORELEASING = YES;
				CLANG_WARN_BOOL_CONVERSION = YES;
				CLANG_WARN_COMMA = YES;
				CLANG_WARN_CONSTANT_CONVERSION = YES;
				CLANG_WARN_DEPRECATED_OBJC_IMPLEMENTATIONS = YES;
				CLANG_WARN_DIRECT_OBJC_ISA_USAGE = YES_ERROR;
				CLANG_WARN_DOCUMENTATION_COMMENTS = YES;
				CLANG_WARN_EMPTY_BODY = YES;
				CLANG_WARN_ENUM_CONVERSION = YES;
				CLANG_WARN_INFINITE_RECURSION = YES;
				CLANG_WARN_INT_CONVERSION = YES;
				CLANG_WARN_NON_LITERAL_NULL_CONVERSION = YES;
				CLANG_WARN_OBJC_IMPLICIT_RETAIN_SELF = YES;
				CLANG_WARN_OBJC_LITERAL_CONVERSION = YES;
				CLANG_WARN_OBJC_ROOT_CLASS = YES_ERROR;
				CLANG_WARN_QUOTED_INCLUDE_IN_FRAMEWORK_HEADER = YES;
				CLANG_WARN_RANGE_LOOP_ANALYSIS = YES;
				CLANG_WARN_STRICT_PROTOTYPES = YES;
				CLANG_WARN_SUSPICIOUS_MOVE = YES;
				CLANG_WARN_UNGUARDED_AVAILABILITY = YES_AGGRESSIVE;
				CLANG_WARN_UNREACHABLE_CODE = YES;
				CLANG_WARN__DUPLICATE_METHOD_MATCH = YES;
				COPY_PHASE_STRIP = NO;
				DEBUG_INFORMATION_FORMAT = dwarf;
				ENABLE_STRICT_OBJC_MSGSEND = YES;
				ENABLE_TESTABILITY = YES;
				GCC_C_LANGUAGE_STANDARD = gnu11;
				GCC_DYNAMIC_NO_PIC = NO;
				GCC_NO_COMMON_BLOCKS = YES;
				GCC_OPTIMIZATION_LEVEL = 0;
				GCC_PREPROCESSOR_DEFINITIONS = (
					"DEBUG=1",
					"$(inherited)",
				);
				GCC_WARN_64_TO_32_BIT_CONVERSION = YES;
				GCC_WARN_ABOUT_RETURN_TYPE = YES_ERROR;
				GCC_WARN_UNDECLARED_SELECTOR = YES;
				GCC_WARN_UNINITIALIZED_AUTOS = YES_AGGRESSIVE;
				GCC_WARN_UNUSED_FUNCTION = YES;
				GCC_WARN_UNUSED_VARIABLE = YES;
				IPHONEOS_DEPLOYMENT_TARGET = 16.1;
				MTL_ENABLE_DEBUG_INFO = INCLUDE_SOURCE;
				MTL_FAST_MATH = YES;
				ONLY_ACTIVE_ARCH = YES;
				SDKROOT = iphoneos;
				SWIFT_ACTIVE_COMPILATION_CONDITIONS = DEBUG;
				SWIFT_OPTIMIZATION_LEVEL = "-Onone";
			};
			name = Debug;
		};
		75613EBF292094BB00BE6D2F /* Release */ = {
			isa = XCBuildConfiguration;
			buildSettings = {
				ALWAYS_SEARCH_USER_PATHS = NO;
				CLANG_ANALYZER_NONNULL = YES;
				CLANG_ANALYZER_NUMBER_OBJECT_CONVERSION = YES_AGGRESSIVE;
				CLANG_CXX_LANGUAGE_STANDARD = "gnu++20";
				CLANG_ENABLE_MODULES = YES;
				CLANG_ENABLE_OBJC_ARC = YES;
				CLANG_ENABLE_OBJC_WEAK = YES;
				CLANG_WARN_BLOCK_CAPTURE_AUTORELEASING = YES;
				CLANG_WARN_BOOL_CONVERSION = YES;
				CLANG_WARN_COMMA = YES;
				CLANG_WARN_CONSTANT_CONVERSION = YES;
				CLANG_WARN_DEPRECATED_OBJC_IMPLEMENTATIONS = YES;
				CLANG_WARN_DIRECT_OBJC_ISA_USAGE = YES_ERROR;
				CLANG_WARN_DOCUMENTATION_COMMENTS = YES;
				CLANG_WARN_EMPTY_BODY = YES;
				CLANG_WARN_ENUM_CONVERSION = YES;
				CLANG_WARN_INFINITE_RECURSION = YES;
				CLANG_WARN_INT_CONVERSION = YES;
				CLANG_WARN_NON_LITERAL_NULL_CONVERSION = YES;
				CLANG_WARN_OBJC_IMPLICIT_RETAIN_SELF = YES;
				CLANG_WARN_OBJC_LITERAL_CONVERSION = YES;
				CLANG_WARN_OBJC_ROOT_CLASS = YES_ERROR;
				CLANG_WARN_QUOTED_INCLUDE_IN_FRAMEWORK_HEADER = YES;
				CLANG_WARN_RANGE_LOOP_ANALYSIS = YES;
				CLANG_WARN_STRICT_PROTOTYPES = YES;
				CLANG_WARN_SUSPICIOUS_MOVE = YES;
				CLANG_WARN_UNGUARDED_AVAILABILITY = YES_AGGRESSIVE;
				CLANG_WARN_UNREACHABLE_CODE = YES;
				CLANG_WARN__DUPLICATE_METHOD_MATCH = YES;
				COPY_PHASE_STRIP = NO;
				DEBUG_INFORMATION_FORMAT = "dwarf-with-dsym";
				ENABLE_NS_ASSERTIONS = NO;
				ENABLE_STRICT_OBJC_MSGSEND = YES;
				GCC_C_LANGUAGE_STANDARD = gnu11;
				GCC_NO_COMMON_BLOCKS = YES;
				GCC_WARN_64_TO_32_BIT_CONVERSION = YES;
				GCC_WARN_ABOUT_RETURN_TYPE = YES_ERROR;
				GCC_WARN_UNDECLARED_SELECTOR = YES;
				GCC_WARN_UNINITIALIZED_AUTOS = YES_AGGRESSIVE;
				GCC_WARN_UNUSED_FUNCTION = YES;
				GCC_WARN_UNUSED_VARIABLE = YES;
				IPHONEOS_DEPLOYMENT_TARGET = 16.1;
				MTL_ENABLE_DEBUG_INFO = NO;
				MTL_FAST_MATH = YES;
				SDKROOT = iphoneos;
				SWIFT_COMPILATION_MODE = wholemodule;
				SWIFT_OPTIMIZATION_LEVEL = "-O";
				VALIDATE_PRODUCT = YES;
			};
			name = Release;
		};
		75613EC1292094BB00BE6D2F /* Debug */ = {
			isa = XCBuildConfiguration;
			buildSettings = {
				ASSETCATALOG_COMPILER_APPICON_NAME = AppIcon;
				ASSETCATALOG_COMPILER_GLOBAL_ACCENT_COLOR_NAME = AccentColor;
				CODE_SIGN_STYLE = Automatic;
				CURRENT_PROJECT_VERSION = 1;
				DEVELOPMENT_ASSET_PATHS = "\"Dembos/Preview Content\"";
				ENABLE_PREVIEWS = YES;
				GENERATE_INFOPLIST_FILE = YES;
				INFOPLIST_KEY_UIApplicationSceneManifest_Generation = YES;
				INFOPLIST_KEY_UIApplicationSupportsIndirectInputEvents = YES;
				INFOPLIST_KEY_UILaunchScreen_Generation = YES;
				INFOPLIST_KEY_UISupportedInterfaceOrientations_iPad = "UIInterfaceOrientationPortrait UIInterfaceOrientationPortraitUpsideDown UIInterfaceOrientationLandscapeLeft UIInterfaceOrientationLandscapeRight";
				INFOPLIST_KEY_UISupportedInterfaceOrientations_iPhone = "UIInterfaceOrientationPortrait UIInterfaceOrientationLandscapeLeft UIInterfaceOrientationLandscapeRight";
				LD_RUNPATH_SEARCH_PATHS = (
					"$(inherited)",
					"@executable_path/Frameworks",
				);
				MARKETING_VERSION = 1.0;
				PRODUCT_BUNDLE_IDENTIFIER = com.cibertec.Dembos;
				PRODUCT_NAME = "$(TARGET_NAME)";
				SWIFT_EMIT_LOC_STRINGS = YES;
				SWIFT_VERSION = 5.0;
				TARGETED_DEVICE_FAMILY = "1,2";
			};
			name = Debug;
		};
		75613EC2292094BB00BE6D2F /* Release */ = {
			isa = XCBuildConfiguration;
			buildSettings = {
				ASSETCATALOG_COMPILER_APPICON_NAME = AppIcon;
				ASSETCATALOG_COMPILER_GLOBAL_ACCENT_COLOR_NAME = AccentColor;
				CODE_SIGN_STYLE = Automatic;
				CURRENT_PROJECT_VERSION = 1;
				DEVELOPMENT_ASSET_PATHS = "\"Dembos/Preview Content\"";
				ENABLE_PREVIEWS = YES;
				GENERATE_INFOPLIST_FILE = YES;
				INFOPLIST_KEY_UIApplicationSceneManifest_Generation = YES;
				INFOPLIST_KEY_UIApplicationSupportsIndirectInputEvents = YES;
				INFOPLIST_KEY_UILaunchScreen_Generation = YES;
				INFOPLIST_KEY_UISupportedInterfaceOrientations_iPad = "UIInterfaceOrientationPortrait UIInterfaceOrientationPortraitUpsideDown UIInterfaceOrientationLandscapeLeft UIInterfaceOrientationLandscapeRight";
				INFOPLIST_KEY_UISupportedInterfaceOrientations_iPhone = "UIInterfaceOrientationPortrait UIInterfaceOrientationLandscapeLeft UIInterfaceOrientationLandscapeRight";
				LD_RUNPATH_SEARCH_PATHS = (
					"$(inherited)",
					"@executable_path/Frameworks",
				);
				MARKETING_VERSION = 1.0;
				PRODUCT_BUNDLE_IDENTIFIER = com.cibertec.Dembos;
				PRODUCT_NAME = "$(TARGET_NAME)";
				SWIFT_EMIT_LOC_STRINGS = YES;
				SWIFT_VERSION = 5.0;
				TARGETED_DEVICE_FAMILY = "1,2";
			};
			name = Release;
		};
/* End XCBuildConfiguration section */

/* Begin XCConfigurationList section */
		75613EAD292094BA00BE6D2F /* Build configuration list for PBXProject "Dembos" */ = {
			isa = XCConfigurationList;
			buildConfigurations = (
				75613EBE292094BB00BE6D2F /* Debug */,
				75613EBF292094BB00BE6D2F /* Release */,
			);
			defaultConfigurationIsVisible = 0;
			defaultConfigurationName = Release;
		};
		75613EC0292094BB00BE6D2F /* Build configuration list for PBXNativeTarget "Dembos" */ = {
			isa = XCConfigurationList;
			buildConfigurations = (
				75613EC1292094BB00BE6D2F /* Debug */,
				75613EC2292094BB00BE6D2F /* Release */,
			);
			defaultConfigurationIsVisible = 0;
			defaultConfigurationName = Release;
		};
/* End XCConfigurationList section */

/* Begin XCRemoteSwiftPackageReference section */
		75D18A062920992D006939E9 /* XCRemoteSwiftPackageReference "firebase-ios-sdk" */ = {
			isa = XCRemoteSwiftPackageReference;
			repositoryURL = "https://github.com/firebase/firebase-ios-sdk";
			requirement = {
				kind = upToNextMajorVersion;
				minimumVersion = 9.0.0;
			};
		};
/* End XCRemoteSwiftPackageReference section */

/* Begin XCSwiftPackageProductDependency section */
		75D18A072920992D006939E9 /* FirebaseAnalytics */ = {
			isa = XCSwiftPackageProductDependency;
			package = 75D18A062920992D006939E9 /* XCRemoteSwiftPackageReference "firebase-ios-sdk" */;
			productName = FirebaseAnalytics;
		};
		75D18A092920992D006939E9 /* FirebaseAnalyticsSwift */ = {
			isa = XCSwiftPackageProductDependency;
			package = 75D18A062920992D006939E9 /* XCRemoteSwiftPackageReference "firebase-ios-sdk" */;
			productName = FirebaseAnalyticsSwift;
		};
		75D18A0B2920992D006939E9 /* FirebaseAuth */ = {
			isa = XCSwiftPackageProductDependency;
			package = 75D18A062920992D006939E9 /* XCRemoteSwiftPackageReference "firebase-ios-sdk" */;
			productName = FirebaseAuth;
		};
		75D18A0D2920992D006939E9 /* FirebaseDatabase */ = {
			isa = XCSwiftPackageProductDependency;
			package = 75D18A062920992D006939E9 /* XCRemoteSwiftPackageReference "firebase-ios-sdk" */;
			productName = FirebaseDatabase;
		};
		75D18A0F2920992D006939E9 /* FirebaseDatabaseSwift */ = {
			isa = XCSwiftPackageProductDependency;
			package = 75D18A062920992D006939E9 /* XCRemoteSwiftPackageReference "firebase-ios-sdk" */;
			productName = FirebaseDatabaseSwift;
		};
		75D18A112920992D006939E9 /* FirebaseFirestore */ = {
			isa = XCSwiftPackageProductDependency;
			package = 75D18A062920992D006939E9 /* XCRemoteSwiftPackageReference "firebase-ios-sdk" */;
			productName = FirebaseFirestore;
		};
		75D18A132920992D006939E9 /* FirebaseFirestoreSwift */ = {
			isa = XCSwiftPackageProductDependency;
			package = 75D18A062920992D006939E9 /* XCRemoteSwiftPackageReference "firebase-ios-sdk" */;
			productName = FirebaseFirestoreSwift;
		};
		75D18A152920992D006939E9 /* FirebaseStorage */ = {
			isa = XCSwiftPackageProductDependency;
			package = 75D18A062920992D006939E9 /* XCRemoteSwiftPackageReference "firebase-ios-sdk" */;
			productName = FirebaseStorage;
		};
/* End XCSwiftPackageProductDependency section */
	};
	rootObject = 75613EAA292094BA00BE6D2F /* Project object */;
}
